directories:
    modules: .wippy
    src: ./src
modules:
    - name: chicago/aicq
      version: 0.0.0
    - name: chicago/shell
      version: 0.2.7
      source: github.com/chicago-desktop/shell
      commit: 5011e03b6b42efdb068c6fa2ca84c43004511af1
      local_hash: sha256-tree-v1:099ee99a808417e05fdad0a608292f888059b8c16c13d03907d36458165bf24a
    - name: chicago/tui-desktop
      version: 0.2.1
      source: github.com/chicago-desktop/tui-desktop
      commit: 9d41b3ca94e6a0c123006622702ed67b96d51e24
      local_hash: sha256-tree-v1:8ffccaed6cd131ef97f00d76c0652dd62a71374bbb758484dae9ca7aea0c23f9
    - name: kickside/agents
      version: 0.1.41
    - name: kickside/component
      version: 0.1.36
    - name: kickside/models
      version: 0.1.50
    - name: kickside/users
      version: 0.1.41
    - name: wippy/bootloader
      version: 0.3.14
      hash: aa5e32807eba6a5ea0e5a224069a006288f58605c4542a444f5469caee862c58
    - name: wippy/migration
      version: 0.3.18
      hash: e00cad6706bb95f556aeab5318a04e55d3884c027b09f6340fc4e7d69c905a17
    - name: wippy/security
      version: 0.4.2
      hash: 9020016afc9de612f5297d38ce99e8500c63a2986077e8b0e560d8636c506627
    - name: wippy/session
      version: 0.4.3
    - name: wippy/terminal
      version: 0.4.5
      hash: 028180c6044cdd9bbe15330255a4926770e02a291511930264a615f6388824f0
    - name: wippy/test
      version: 0.4.17
      hash: 37a304cc20aa3005004255e9fda16835a94119db520c0c97e1db044c7844a229
